
Microsoft Visual Studio Solution File, Format Version 12.00
# Visual Studio Version 16
VisualStudioVersion = 16.0.30428.66
MinimumVisualStudioVersion = 10.0.40219.1
Project("{2150E333-8FDC-42A3-9474-1A3956D46DE8}") = "Catalogo", "Catalogo", "{38D46206-1F23-4DBB-8980-C2AEB5505CB8}"
EndProject
Project("{2150E333-8FDC-42A3-9474-1A3956D46DE8}") = "Core", "Core", "{B6DBDD3F-650A-42F3-90E3-A47E3D59AABD}"
EndProject
Project("{2150E333-8FDC-42A3-9474-1A3956D46DE8}") = "Cadastros", "Cadastros", "{D7F2B21F-D8A2-4C99-851E-F1A36FEE322D}"
EndProject
Project("{2150E333-8FDC-42A3-9474-1A3956D46DE8}") = "Fiscal", "Fiscal", "{F003F844-7B4C-482A-B2B8-D9F0470F04FD}"
EndProject
Project("{2150E333-8FDC-42A3-9474-1A3956D46DE8}") = "Pagamentos", "Pagamentos", "{A076D372-EEA9-4EC9-BD0F-A4C721FD9307}"
EndProject
Project("{2150E333-8FDC-42A3-9474-1A3956D46DE8}") = "Vendas", "Vendas", "{FE1BCE91-F00A-4277-858A-2DEDB73D9745}"
EndProject
Project("{2150E333-8FDC-42A3-9474-1A3956D46DE8}") = "Services", "Services", "{54CB0744-1ABD-438D-AF9D-78C539E50673}"
EndProject
Project("{2150E333-8FDC-42A3-9474-1A3956D46DE8}") = "WebApps", "WebApps", "{33D2BC8C-091C-49B5-A913-7947E04B0ADD}"
EndProject
Project("{9A19103F-16F7-4668-BE54-9A1E7A4F7556}") = "PsmjCo.NerdStore.Core", "src\PsmjCo.NerdStore.Core\PsmjCo.NerdStore.Core.csproj", "{80F5B5F3-4174-41E4-A3BB-BE794A5A3BC9}"
EndProject
Project("{9A19103F-16F7-4668-BE54-9A1E7A4F7556}") = "PsmjCo.NerdStore.Catalogo.Domain", "src\PsmjCo.NerdStore.Catalogo.Domain\PsmjCo.NerdStore.Catalogo.Domain.csproj", "{3F79E805-7BBF-4356-A572-478337DA38C9}"
EndProject
Project("{9A19103F-16F7-4668-BE54-9A1E7A4F7556}") = "PsmjCo.NerdStore.Catalogo.Data", "src\PsmjCo.NerdStore.Catalogo.Data\PsmjCo.NerdStore.Catalogo.Data.csproj", "{29C66639-E990-4554-BDBD-560087C6477D}"
EndProject
Project("{2150E333-8FDC-42A3-9474-1A3956D46DE8}") = "Tests", "Tests", "{B2F890B8-0059-4DA0-AE0C-4AF7BD8C4FE9}"
EndProject
Project("{9A19103F-16F7-4668-BE54-9A1E7A4F7556}") = "PsmjCo.NerdStore.Catalogo.Domain.Tests", "test\PsmjCo.NerdStore.Catalogo.Domain.Tests\PsmjCo.NerdStore.Catalogo.Domain.Tests.csproj", "{97720CE5-C6A0-44D2-8089-A4D709B61E98}"
EndProject
Project("{9A19103F-16F7-4668-BE54-9A1E7A4F7556}") = "PsmjCo.NerdStore.Catalogo.Application", "src\PsmjCo.NerdStore.Catalogo.Application\PsmjCo.NerdStore.Catalogo.Application.csproj", "{066B48B6-6BFA-42F0-9003-8948FB7B1EA1}"
EndProject
Project("{9A19103F-16F7-4668-BE54-9A1E7A4F7556}") = "PsmjCo.NerdStore.WebApp.MVC", "src\PsmjCo.NerdStore.WebApp.MVC\PsmjCo.NerdStore.WebApp.MVC.csproj", "{6E709E5B-00C5-456C-8999-81833C466FF6}"
EndProject
Project("{9A19103F-16F7-4668-BE54-9A1E7A4F7556}") = "PsmjCo.NerdStore.Vendas.Domain", "src\PsmjCo.NerdStore.Vendas.Domain\PsmjCo.NerdStore.Vendas.Domain.csproj", "{059C6968-36C7-469C-B839-7289A9EB4799}"
EndProject
Project("{9A19103F-16F7-4668-BE54-9A1E7A4F7556}") = "PsmjCo.NerdStore.Vendas.Application", "src\PsmjCo.NerdStore.Vendas.Application\PsmjCo.NerdStore.Vendas.Application.csproj", "{600662FC-CEBB-4D11-8CE4-0F8FF268757C}"
EndProject
Project("{9A19103F-16F7-4668-BE54-9A1E7A4F7556}") = "PsmjCo.NerdStore.Vendas.Data", "src\PsmjCo.NerdStore.Vendas.Data\PsmjCo.NerdStore.Vendas.Data.csproj", "{59FF597A-5DEE-4F22-A913-253D2AD6A70A}"
EndProject
Project("{9A19103F-16F7-4668-BE54-9A1E7A4F7556}") = "PsmjCo.NerdStore.Pagamentos.AntiCorruption", "src\PsmjCo.NerdStore.Pagamentos.AntiCorruption\PsmjCo.NerdStore.Pagamentos.AntiCorruption.csproj", "{FB46FCB8-A8FB-43B6-9233-C34B860B14C0}"
EndProject
Project("{9A19103F-16F7-4668-BE54-9A1E7A4F7556}") = "PsmjCo.NerdStore.Pagamentos.Data", "src\PsmjCo.NerdStore.Pagamentos.Data\PsmjCo.NerdStore.Pagamentos.Data.csproj", "{591311AB-F8F7-4FFF-A23D-229142EB8401}"
EndProject
Project("{9A19103F-16F7-4668-BE54-9A1E7A4F7556}") = "PsmjCo.NerdStore.Pagamentos.Business", "src\PsmjCo.NerdStore.Pagamentos.Business\PsmjCo.NerdStore.Pagamentos.Business.csproj", "{94691E36-4B55-469D-BD61-34F836E24C2E}"
EndProject
Project("{2150E333-8FDC-42A3-9474-1A3956D46DE8}") = "BuildingBlocks", "BuildingBlocks", "{A1BAF1EE-9D84-4B63-972A-0FFBCAC576DF}"
EndProject
Project("{FAE04EC0-301F-11D3-BF4B-00C04F79EFBC}") = "EventSourcing", "src\EventSourcing\EventSourcing.csproj", "{FEB0B892-0B11-4F84-84D8-04640335C930}"
EndProject
Global
	GlobalSection(SolutionConfigurationPlatforms) = preSolution
		Debug|Any CPU = Debug|Any CPU
		Release|Any CPU = Release|Any CPU
	EndGlobalSection
	GlobalSection(ProjectConfigurationPlatforms) = postSolution
		{80F5B5F3-4174-41E4-A3BB-BE794A5A3BC9}.Debug|Any CPU.ActiveCfg = Debug|Any CPU
		{80F5B5F3-4174-41E4-A3BB-BE794A5A3BC9}.Debug|Any CPU.Build.0 = Debug|Any CPU
		{80F5B5F3-4174-41E4-A3BB-BE794A5A3BC9}.Release|Any CPU.ActiveCfg = Release|Any CPU
		{80F5B5F3-4174-41E4-A3BB-BE794A5A3BC9}.Release|Any CPU.Build.0 = Release|Any CPU
		{3F79E805-7BBF-4356-A572-478337DA38C9}.Debug|Any CPU.ActiveCfg = Debug|Any CPU
		{3F79E805-7BBF-4356-A572-478337DA38C9}.Debug|Any CPU.Build.0 = Debug|Any CPU
		{3F79E805-7BBF-4356-A572-478337DA38C9}.Release|Any CPU.ActiveCfg = Release|Any CPU
		{3F79E805-7BBF-4356-A572-478337DA38C9}.Release|Any CPU.Build.0 = Release|Any CPU
		{29C66639-E990-4554-BDBD-560087C6477D}.Debug|Any CPU.ActiveCfg = Debug|Any CPU
		{29C66639-E990-4554-BDBD-560087C6477D}.Debug|Any CPU.Build.0 = Debug|Any CPU
		{29C66639-E990-4554-BDBD-560087C6477D}.Release|Any CPU.ActiveCfg = Release|Any CPU
		{29C66639-E990-4554-BDBD-560087C6477D}.Release|Any CPU.Build.0 = Release|Any CPU
		{97720CE5-C6A0-44D2-8089-A4D709B61E98}.Debug|Any CPU.ActiveCfg = Debug|Any CPU
		{97720CE5-C6A0-44D2-8089-A4D709B61E98}.Debug|Any CPU.Build.0 = Debug|Any CPU
		{97720CE5-C6A0-44D2-8089-A4D709B61E98}.Release|Any CPU.ActiveCfg = Release|Any CPU
		{97720CE5-C6A0-44D2-8089-A4D709B61E98}.Release|Any CPU.Build.0 = Release|Any CPU
		{066B48B6-6BFA-42F0-9003-8948FB7B1EA1}.Debug|Any CPU.ActiveCfg = Debug|Any CPU
		{066B48B6-6BFA-42F0-9003-8948FB7B1EA1}.Debug|Any CPU.Build.0 = Debug|Any CPU
		{066B48B6-6BFA-42F0-9003-8948FB7B1EA1}.Release|Any CPU.ActiveCfg = Release|Any CPU
		{066B48B6-6BFA-42F0-9003-8948FB7B1EA1}.Release|Any CPU.Build.0 = Release|Any CPU
		{6E709E5B-00C5-456C-8999-81833C466FF6}.Debug|Any CPU.ActiveCfg = Debug|Any CPU
		{6E709E5B-00C5-456C-8999-81833C466FF6}.Debug|Any CPU.Build.0 = Debug|Any CPU
		{6E709E5B-00C5-456C-8999-81833C466FF6}.Release|Any CPU.ActiveCfg = Release|Any CPU
		{6E709E5B-00C5-456C-8999-81833C466FF6}.Release|Any CPU.Build.0 = Release|Any CPU
		{059C6968-36C7-469C-B839-7289A9EB4799}.Debug|Any CPU.ActiveCfg = Debug|Any CPU
		{059C6968-36C7-469C-B839-7289A9EB4799}.Debug|Any CPU.Build.0 = Debug|Any CPU
		{059C6968-36C7-469C-B839-7289A9EB4799}.Release|Any CPU.ActiveCfg = Release|Any CPU
		{059C6968-36C7-469C-B839-7289A9EB4799}.Release|Any CPU.Build.0 = Release|Any CPU
		{600662FC-CEBB-4D11-8CE4-0F8FF268757C}.Debug|Any CPU.ActiveCfg = Debug|Any CPU
		{600662FC-CEBB-4D11-8CE4-0F8FF268757C}.Debug|Any CPU.Build.0 = Debug|Any CPU
		{600662FC-CEBB-4D11-8CE4-0F8FF268757C}.Release|Any CPU.ActiveCfg = Release|Any CPU
		{600662FC-CEBB-4D11-8CE4-0F8FF268757C}.Release|Any CPU.Build.0 = Release|Any CPU
		{59FF597A-5DEE-4F22-A913-253D2AD6A70A}.Debug|Any CPU.ActiveCfg = Debug|Any CPU
		{59FF597A-5DEE-4F22-A913-253D2AD6A70A}.Debug|Any CPU.Build.0 = Debug|Any CPU
		{59FF597A-5DEE-4F22-A913-253D2AD6A70A}.Release|Any CPU.ActiveCfg = Release|Any CPU
		{59FF597A-5DEE-4F22-A913-253D2AD6A70A}.Release|Any CPU.Build.0 = Release|Any CPU
		{FB46FCB8-A8FB-43B6-9233-C34B860B14C0}.Debug|Any CPU.ActiveCfg = Debug|Any CPU
		{FB46FCB8-A8FB-43B6-9233-C34B860B14C0}.Debug|Any CPU.Build.0 = Debug|Any CPU
		{FB46FCB8-A8FB-43B6-9233-C34B860B14C0}.Release|Any CPU.ActiveCfg = Release|Any CPU
		{FB46FCB8-A8FB-43B6-9233-C34B860B14C0}.Release|Any CPU.Build.0 = Release|Any CPU
		{591311AB-F8F7-4FFF-A23D-229142EB8401}.Debug|Any CPU.ActiveCfg = Debug|Any CPU
		{591311AB-F8F7-4FFF-A23D-229142EB8401}.Debug|Any CPU.Build.0 = Debug|Any CPU
		{591311AB-F8F7-4FFF-A23D-229142EB8401}.Release|Any CPU.ActiveCfg = Release|Any CPU
		{591311AB-F8F7-4FFF-A23D-229142EB8401}.Release|Any CPU.Build.0 = Release|Any CPU
		{94691E36-4B55-469D-BD61-34F836E24C2E}.Debug|Any CPU.ActiveCfg = Debug|Any CPU
		{94691E36-4B55-469D-BD61-34F836E24C2E}.Debug|Any CPU.Build.0 = Debug|Any CPU
		{94691E36-4B55-469D-BD61-34F836E24C2E}.Release|Any CPU.ActiveCfg = Release|Any CPU
		{94691E36-4B55-469D-BD61-34F836E24C2E}.Release|Any CPU.Build.0 = Release|Any CPU
		{FEB0B892-0B11-4F84-84D8-04640335C930}.Debug|Any CPU.ActiveCfg = Debug|Any CPU
		{FEB0B892-0B11-4F84-84D8-04640335C930}.Debug|Any CPU.Build.0 = Debug|Any CPU
		{FEB0B892-0B11-4F84-84D8-04640335C930}.Release|Any CPU.ActiveCfg = Release|Any CPU
		{FEB0B892-0B11-4F84-84D8-04640335C930}.Release|Any CPU.Build.0 = Release|Any CPU
	EndGlobalSection
	GlobalSection(SolutionProperties) = preSolution
		HideSolutionNode = FALSE
	EndGlobalSection
	GlobalSection(NestedProjects) = preSolution
		{38D46206-1F23-4DBB-8980-C2AEB5505CB8} = {54CB0744-1ABD-438D-AF9D-78C539E50673}
		{B6DBDD3F-650A-42F3-90E3-A47E3D59AABD} = {54CB0744-1ABD-438D-AF9D-78C539E50673}
		{D7F2B21F-D8A2-4C99-851E-F1A36FEE322D} = {54CB0744-1ABD-438D-AF9D-78C539E50673}
		{F003F844-7B4C-482A-B2B8-D9F0470F04FD} = {54CB0744-1ABD-438D-AF9D-78C539E50673}
		{A076D372-EEA9-4EC9-BD0F-A4C721FD9307} = {54CB0744-1ABD-438D-AF9D-78C539E50673}
		{FE1BCE91-F00A-4277-858A-2DEDB73D9745} = {54CB0744-1ABD-438D-AF9D-78C539E50673}
		{80F5B5F3-4174-41E4-A3BB-BE794A5A3BC9} = {B6DBDD3F-650A-42F3-90E3-A47E3D59AABD}
		{3F79E805-7BBF-4356-A572-478337DA38C9} = {38D46206-1F23-4DBB-8980-C2AEB5505CB8}
		{29C66639-E990-4554-BDBD-560087C6477D} = {38D46206-1F23-4DBB-8980-C2AEB5505CB8}
		{B2F890B8-0059-4DA0-AE0C-4AF7BD8C4FE9} = {38D46206-1F23-4DBB-8980-C2AEB5505CB8}
		{97720CE5-C6A0-44D2-8089-A4D709B61E98} = {B2F890B8-0059-4DA0-AE0C-4AF7BD8C4FE9}
		{066B48B6-6BFA-42F0-9003-8948FB7B1EA1} = {38D46206-1F23-4DBB-8980-C2AEB5505CB8}
		{6E709E5B-00C5-456C-8999-81833C466FF6} = {33D2BC8C-091C-49B5-A913-7947E04B0ADD}
		{059C6968-36C7-469C-B839-7289A9EB4799} = {FE1BCE91-F00A-4277-858A-2DEDB73D9745}
		{600662FC-CEBB-4D11-8CE4-0F8FF268757C} = {FE1BCE91-F00A-4277-858A-2DEDB73D9745}
		{59FF597A-5DEE-4F22-A913-253D2AD6A70A} = {FE1BCE91-F00A-4277-858A-2DEDB73D9745}
		{FB46FCB8-A8FB-43B6-9233-C34B860B14C0} = {A076D372-EEA9-4EC9-BD0F-A4C721FD9307}
		{591311AB-F8F7-4FFF-A23D-229142EB8401} = {A076D372-EEA9-4EC9-BD0F-A4C721FD9307}
		{94691E36-4B55-469D-BD61-34F836E24C2E} = {A076D372-EEA9-4EC9-BD0F-A4C721FD9307}
		{FEB0B892-0B11-4F84-84D8-04640335C930} = {A1BAF1EE-9D84-4B63-972A-0FFBCAC576DF}
	EndGlobalSection
	GlobalSection(ExtensibilityGlobals) = postSolution
		SolutionGuid = {1586A17F-9992-47FF-BC2D-4E5EF1D5810F}
	EndGlobalSection
EndGlobal
